PODS:
  - Starscream (4.0.4)
  - SwiftProtobuf (1.18.0)

DEPENDENCIES:
  - Starscream (~> 4.0.0)
  - SwiftProtobuf (~> 1.0)

SPEC REPOS:
  trunk:
    - Starscream
    - SwiftProtobuf

SPEC CHECKSUMS:
  Starscream: 5178aed56b316f13fa3bc55694e583d35dd414d9
  SwiftProtobuf: c3c12645230d9b09c72267e0de89468c5543bd86

PODFILE CHECKSUM: ce36c8ea83fcfb61eb7fc9ff031af8782d19226c

COCOAPODS: 1.10.0
